
Microsoft Visual Studio Solution File, Format Version 12.00
# Visual Studio Version 16
VisualStudioVersion = 16.0.30104.148
MinimumVisualStudioVersion = 10.0.40219.1
Project("{FAE04EC0-301F-11D3-BF4B-00C04F79EFBC}") = "FileHandling", "FileHandling\FileHandling.csproj", "{3A746214-7C0F-401C-876E-64DC5A486C89}"
EndProject
Project("{9A19103F-16F7-4668-BE54-9A1E7A4F7556}") = "FileUpDownLoad", "FileUpDownLoad\FileUpDownLoad.csproj", "{2BE9E382-E6D3-4426-A186-55A99083C718}"
EndProject
Project("{FAE04EC0-301F-11D3-BF4B-00C04F79EFBC}") = "FileHandling.Tests", "FileHandling.Tests\FileHandling.Tests.csproj", "{5A27D35F-DFB5-4829-9251-256CE5AF92C9}"
EndProject
Global
	GlobalSection(SolutionConfigurationPlatforms) = preSolution
		Debug|Any CPU = Debug|Any CPU
		Release|Any CPU = Release|Any CPU
	EndGlobalSection
	GlobalSection(ProjectConfigurationPlatforms) = postSolution
		{3A746214-7C0F-401C-876E-64DC5A486C89}.Debug|Any CPU.ActiveCfg = Debug|Any CPU
		{3A746214-7C0F-401C-876E-64DC5A486C89}.Debug|Any CPU.Build.0 = Debug|Any CPU
		{3A746214-7C0F-401C-876E-64DC5A486C89}.Release|Any CPU.ActiveCfg = Release|Any CPU
		{3A746214-7C0F-401C-876E-64DC5A486C89}.Release|Any CPU.Build.0 = Release|Any CPU
		{2BE9E382-E6D3-4426-A186-55A99083C718}.Debug|Any CPU.ActiveCfg = Debug|Any CPU
		{2BE9E382-E6D3-4426-A186-55A99083C718}.Debug|Any CPU.Build.0 = Debug|Any CPU
		{2BE9E382-E6D3-4426-A186-55A99083C718}.Release|Any CPU.ActiveCfg = Release|Any CPU
		{2BE9E382-E6D3-4426-A186-55A99083C718}.Release|Any CPU.Build.0 = Release|Any CPU
		{5A27D35F-DFB5-4829-9251-256CE5AF92C9}.Debug|Any CPU.ActiveCfg = Debug|Any CPU
		{5A27D35F-DFB5-4829-9251-256CE5AF92C9}.Debug|Any CPU.Build.0 = Debug|Any CPU
		{5A27D35F-DFB5-4829-9251-256CE5AF92C9}.Release|Any CPU.ActiveCfg = Release|Any CPU
		{5A27D35F-DFB5-4829-9251-256CE5AF92C9}.Release|Any CPU.Build.0 = Release|Any CPU
	EndGlobalSection
	GlobalSection(SolutionProperties) = preSolution
		HideSolutionNode = FALSE
	EndGlobalSection
	GlobalSection(ExtensibilityGlobals) = postSolution
		SolutionGuid = {5EB4B05B-2710-42C3-B085-6FFA573366F3}
	EndGlobalSection
EndGlobal
